
Microsoft Visual Studio Solution File, Format Version 12.00
# Visual Studio Version 17
VisualStudioVersion = 17.9.34728.123
MinimumVisualStudioVersion = 10.0.40219.1
Project("{FAE04EC0-301F-11D3-BF4B-00C04F79EFBC}") = "Vehicle Rental Management system", "Vehicle Rental Management system\Vehicle Rental Management system.csproj", "{F081BF3C-58F1-4610-9AD9-9F5283DB5743}"
EndProject
Global
	GlobalSection(SolutionConfigurationPlatforms) = preSolution
		Debug|Any CPU = Debug|Any CPU
		Release|Any CPU = Release|Any CPU
	EndGlobalSection
	GlobalSection(ProjectConfigurationPlatforms) = postSolution
		{F081BF3C-58F1-4610-9AD9-9F5283DB5743}.Debug|Any CPU.ActiveCfg = Debug|Any CPU
		{F081BF3C-58F1-4610-9AD9-9F5283DB5743}.Debug|Any CPU.Build.0 = Debug|Any CPU
		{F081BF3C-58F1-4610-9AD9-9F5283DB5743}.Release|Any CPU.ActiveCfg = Release|Any CPU
		{F081BF3C-58F1-4610-9AD9-9F5283DB5743}.Release|Any CPU.Build.0 = Release|Any CPU
	EndGlobalSection
	GlobalSection(SolutionProperties) = preSolution
		HideSolutionNode = FALSE
	EndGlobalSection
	GlobalSection(ExtensibilityGlobals) = postSolution
		SolutionGuid = {F7002B10-4825-4675-869B-03E9A29F0938}
	EndGlobalSection
EndGlobal
